
Microsoft Visual Studio Solution File, Format Version 12.00
# Visual Studio 15
VisualStudioVersion = 15.0.28010.2019
MinimumVisualStudioVersion = 10.0.40219.1
Project("{9A19103F-16F7-4668-BE54-9A1E7A4F7556}") = "01_Getting_Started", "01_Getting_Started\01_Getting_Started.csproj", "{F140BE9B-0646-44C7-A0EC-83D292264D0D}"
EndProject
Project("{9A19103F-16F7-4668-BE54-9A1E7A4F7556}") = "02_WebApplication", "02_WebApplication\02_WebApplication.csproj", "{CF67A974-8C98-4555-96B3-2F8CE1BF5A57}"
EndProject
Project("{9A19103F-16F7-4668-BE54-9A1E7A4F7556}") = "TodoListShared", "TodoListShared\TodoListShared.csproj", "{866D728F-6D4C-43C3-9CDC-1FEF8D3979C4}"
EndProject
Project("{FAE04EC0-301F-11D3-BF4B-00C04F79EFBC}") = "_04_MVC_TODO", "04 MVC TODO\_04_MVC_TODO.csproj", "{4F8E5467-765D-4F29-8F89-F3A148064B89}"
EndProject
Global
	GlobalSection(SolutionConfigurationPlatforms) = preSolution
		Debug|Any CPU = Debug|Any CPU
		Release|Any CPU = Release|Any CPU
	EndGlobalSection
	GlobalSection(ProjectConfigurationPlatforms) = postSolution
		{F140BE9B-0646-44C7-A0EC-83D292264D0D}.Debug|Any CPU.ActiveCfg = Debug|Any CPU
		{F140BE9B-0646-44C7-A0EC-83D292264D0D}.Debug|Any CPU.Build.0 = Debug|Any CPU
		{F140BE9B-0646-44C7-A0EC-83D292264D0D}.Release|Any CPU.ActiveCfg = Release|Any CPU
		{F140BE9B-0646-44C7-A0EC-83D292264D0D}.Release|Any CPU.Build.0 = Release|Any CPU
		{CF67A974-8C98-4555-96B3-2F8CE1BF5A57}.Debug|Any CPU.ActiveCfg = Debug|Any CPU
		{CF67A974-8C98-4555-96B3-2F8CE1BF5A57}.Debug|Any CPU.Build.0 = Debug|Any CPU
		{CF67A974-8C98-4555-96B3-2F8CE1BF5A57}.Release|Any CPU.ActiveCfg = Release|Any CPU
		{CF67A974-8C98-4555-96B3-2F8CE1BF5A57}.Release|Any CPU.Build.0 = Release|Any CPU
		{866D728F-6D4C-43C3-9CDC-1FEF8D3979C4}.Debug|Any CPU.ActiveCfg = Debug|Any CPU
		{866D728F-6D4C-43C3-9CDC-1FEF8D3979C4}.Debug|Any CPU.Build.0 = Debug|Any CPU
		{866D728F-6D4C-43C3-9CDC-1FEF8D3979C4}.Release|Any CPU.ActiveCfg = Release|Any CPU
		{866D728F-6D4C-43C3-9CDC-1FEF8D3979C4}.Release|Any CPU.Build.0 = Release|Any CPU
		{4F8E5467-765D-4F29-8F89-F3A148064B89}.Debug|Any CPU.ActiveCfg = Debug|Any CPU
		{4F8E5467-765D-4F29-8F89-F3A148064B89}.Debug|Any CPU.Build.0 = Debug|Any CPU
		{4F8E5467-765D-4F29-8F89-F3A148064B89}.Release|Any CPU.ActiveCfg = Release|Any CPU
		{4F8E5467-765D-4F29-8F89-F3A148064B89}.Release|Any CPU.Build.0 = Release|Any CPU
	EndGlobalSection
	GlobalSection(SolutionProperties) = preSolution
		HideSolutionNode = FALSE
	EndGlobalSection
	GlobalSection(ExtensibilityGlobals) = postSolution
		SolutionGuid = {284CD3C4-8313-4373-84B6-D1137E40481C}
	EndGlobalSection
EndGlobal
